
Microsoft Visual Studio Solution File, Format Version 12.00
# Visual Studio Version 17
VisualStudioVersion = 17.11.35327.3
MinimumVisualStudioVersion = 10.0.40219.1
Project("{FAE04EC0-301F-11D3-BF4B-00C04F79EFBC}") = "NorthWind.Entities", "NorthWind.Entities\NorthWind.Entities.csproj", "{EC2EA499-896D-4401-8E07-63E237317753}"
EndProject
Global
	GlobalSection(SolutionConfigurationPlatforms) = preSolution
		Debug|Any CPU = Debug|Any CPU
		Release|Any CPU = Release|Any CPU
	EndGlobalSection
	GlobalSection(ProjectConfigurationPlatforms) = postSolution
		{EC2EA499-896D-4401-8E07-63E237317753}.Debug|Any CPU.ActiveCfg = Debug|Any CPU
		{EC2EA499-896D-4401-8E07-63E237317753}.Debug|Any CPU.Build.0 = Debug|Any CPU
		{EC2EA499-896D-4401-8E07-63E237317753}.Release|Any CPU.ActiveCfg = Release|Any CPU
		{EC2EA499-896D-4401-8E07-63E237317753}.Release|Any CPU.Build.0 = Release|Any CPU
	EndGlobalSection
	GlobalSection(SolutionProperties) = preSolution
		HideSolutionNode = FALSE
	EndGlobalSection
	GlobalSection(ExtensibilityGlobals) = postSolution
		SolutionGuid = {D4D644F5-DA6C-4D0F-874F-B5BF50DF56B0}
	EndGlobalSection
EndGlobal
